
Microsoft Visual Studio Solution File, Format Version 12.00
# Visual Studio Version 16
VisualStudioVersion = 25.0.1703.5
MinimumVisualStudioVersion = 10.0.40219.1
Project("{FAE04EC0-301F-11D3-BF4B-00C04F79EFBC}") = "ConsecutiveLettersCount", "ConsecutiveLettersCount\ConsecutiveLettersCount.csproj", "{E7D47880-B0DF-4A70-B249-7B834D2D475B}"
EndProject
Global
	GlobalSection(SolutionConfigurationPlatforms) = preSolution
		Debug|Any CPU = Debug|Any CPU
		Release|Any CPU = Release|Any CPU
	EndGlobalSection
	GlobalSection(ProjectConfigurationPlatforms) = postSolution
		{E7D47880-B0DF-4A70-B249-7B834D2D475B}.Debug|Any CPU.ActiveCfg = Debug|Any CPU
		{E7D47880-B0DF-4A70-B249-7B834D2D475B}.Debug|Any CPU.Build.0 = Debug|Any CPU
		{E7D47880-B0DF-4A70-B249-7B834D2D475B}.Release|Any CPU.ActiveCfg = Release|Any CPU
		{E7D47880-B0DF-4A70-B249-7B834D2D475B}.Release|Any CPU.Build.0 = Release|Any CPU
	EndGlobalSection
	GlobalSection(SolutionProperties) = preSolution
		HideSolutionNode = FALSE
	EndGlobalSection
	GlobalSection(ExtensibilityGlobals) = postSolution
		SolutionGuid = {8491A3E7-40F5-405D-A564-98D1B729EE26}
	EndGlobalSection
EndGlobal
